
Microsoft Visual Studio Solution File, Format Version 12.00
# Visual Studio Version 17
VisualStudioVersion = 17.5.33502.453
MinimumVisualStudioVersion = 10.0.40219.1
Project("{FAE04EC0-301F-11D3-BF4B-00C04F79EFBC}") = "Food Manager", "Food Manager\Food Manager.csproj", "{DA2B4FEC-D995-43D8-8384-46CF1EF29A31}"
EndProject
Global
	GlobalSection(SolutionConfigurationPlatforms) = preSolution
		Debug|Any CPU = Debug|Any CPU
		Release|Any CPU = Release|Any CPU
	EndGlobalSection
	GlobalSection(ProjectConfigurationPlatforms) = postSolution
		{DA2B4FEC-D995-43D8-8384-46CF1EF29A31}.Debug|Any CPU.ActiveCfg = Debug|Any CPU
		{DA2B4FEC-D995-43D8-8384-46CF1EF29A31}.Debug|Any CPU.Build.0 = Debug|Any CPU
		{DA2B4FEC-D995-43D8-8384-46CF1EF29A31}.Release|Any CPU.ActiveCfg = Release|Any CPU
		{DA2B4FEC-D995-43D8-8384-46CF1EF29A31}.Release|Any CPU.Build.0 = Release|Any CPU
	EndGlobalSection
	GlobalSection(SolutionProperties) = preSolution
		HideSolutionNode = FALSE
	EndGlobalSection
	GlobalSection(ExtensibilityGlobals) = postSolution
		SolutionGuid = {33A101F7-82AF-4DA9-BAAB-E993BE0EA2CA}
	EndGlobalSection
EndGlobal
